
Microsoft Visual Studio Solution File, Format Version 12.00
# Visual Studio 15
VisualStudioVersion = 15.0.28307.1758
MinimumVisualStudioVersion = 10.0.40219.1
Project("{FAE04EC0-301F-11D3-BF4B-00C04F79EFBC}") = "MobileShopping", "MobileShopping\MobileShopping.csproj", "{B0FCD671-3F2E-459E-A035-F12B218A967D}"
EndProject
Global
	GlobalSection(SolutionConfigurationPlatforms) = preSolution
		Debug|Any CPU = Debug|Any CPU
		Release|Any CPU = Release|Any CPU
	EndGlobalSection
	GlobalSection(ProjectConfigurationPlatforms) = postSolution
		{B0FCD671-3F2E-459E-A035-F12B218A967D}.Debug|Any CPU.ActiveCfg = Debug|Any CPU
		{B0FCD671-3F2E-459E-A035-F12B218A967D}.Debug|Any CPU.Build.0 = Debug|Any CPU
		{B0FCD671-3F2E-459E-A035-F12B218A967D}.Release|Any CPU.ActiveCfg = Release|Any CPU
		{B0FCD671-3F2E-459E-A035-F12B218A967D}.Release|Any CPU.Build.0 = Release|Any CPU
	EndGlobalSection
	GlobalSection(SolutionProperties) = preSolution
		HideSolutionNode = FALSE
	EndGlobalSection
	GlobalSection(ExtensibilityGlobals) = postSolution
		SolutionGuid = {8E3C3558-2B4E-40F0-9FCF-979B7073522F}
	EndGlobalSection
EndGlobal
